{
    "version": 3,
    "terraform_version": "0.11.7",
    "serial": 12,
    "lineage": "23629579-ba7a-c3e5-2c47-484ff736b1ac",
    "modules": [
        {
            "path": [
                "root"
            ],
            "outputs": {
                "sqlsvr_dns": {
                    "sensitive": false,
                    "type": "list",
                    "value": [
                        "ec2-34-201-244-15.compute-1.amazonaws.com"
                    ]
                },
                "sqlsvr_ip": {
                    "sensitive": false,
                    "type": "list",
                    "value": [
                        "34.201.244.15"
                    ]
                }
            },
            "resources": {
                "aws_instance.ec2_sqlsvrDockerEC2_sqlsvr": {
                    "type": "aws_instance",
                    "depends_on": [
                        "aws_key_pair.sqlsvrDockerEC2_key_pair",
                        "aws_security_group.sqlsvrDockerEC2_sqlsvr"
                    ],
                    "primary": {
                        "id": "i-057a096be8f054d98",
                        "attributes": {
                            "ami": "ami-759bc50a",
                            "arn": "arn:aws:ec2:us-east-1:178844964995:instance/i-057a096be8f054d98",
                            "associate_public_ip_address": "true",
                            "availability_zone": "us-east-1d",
                            "cpu_core_count": "1",
                            "cpu_threads_per_core": "1",
                            "credit_specification.#": "1",
                            "credit_specification.0.cpu_credits": "standard",
                            "disable_api_termination": "false",
                            "ebs_block_device.#": "0",
                            "ebs_optimized": "false",
                            "ephemeral_block_device.#": "0",
                            "get_password_data": "false",
                            "iam_instance_profile": "",
                            "id": "i-057a096be8f054d98",
                            "instance_state": "running",
                            "instance_type": "t2.small",
                            "ipv6_addresses.#": "0",
                            "key_name": "sqlsvrDockerEC2_key_pair",
                            "monitoring": "false",
                            "network_interface.#": "0",
                            "network_interface_id": "eni-0ddf5592ced4749c3",
                            "password_data": "",
                            "placement_group": "",
                            "primary_network_interface_id": "eni-0ddf5592ced4749c3",
                            "private_dns": "ip-172-31-53-35.ec2.internal",
                            "private_ip": "172.31.53.35",
                            "public_dns": "ec2-34-201-244-15.compute-1.amazonaws.com",
                            "public_ip": "34.201.244.15",
                            "root_block_device.#": "1",
                            "root_block_device.0.delete_on_termination": "true",
                            "root_block_device.0.iops": "100",
                            "root_block_device.0.volume_id": "vol-05dce2be33ec8d2f8",
                            "root_block_device.0.volume_size": "8",
                            "root_block_device.0.volume_type": "gp2",
                            "security_groups.#": "1",
                            "security_groups.1514297650": "sqlsvrDockerEC2_sqlsvr",
                            "source_dest_check": "true",
                            "subnet_id": "subnet-ad7ba580",
                            "tags.%": "1",
                            "tags.Name": "sqlsvrDockerEC2 SqlSvr 000",
                            "tenancy": "default",
                            "volume_tags.%": "0",
                            "vpc_security_group_ids.#": "1",
                            "vpc_security_group_ids.2996253918": "sg-0369946d69065f336"
                        },
                        "meta": {
                            "e2bfb730-ecaa-11e6-8f88-34363bc7c4c0": {
                                "create": 600000000000,
                                "delete": 1200000000000,
                                "update": 600000000000
                            },
                            "schema_version": "1"
                        },
                        "tainted": false
                    },
                    "deposed": [],
                    "provider": "provider.aws"
                },
                "aws_key_pair.sqlsvrDockerEC2_key_pair": {
                    "type": "aws_key_pair",
                    "depends_on": [],
                    "primary": {
                        "id": "sqlsvrDockerEC2_key_pair",
                        "attributes": {
                            "fingerprint": "06:66:cd:ba:ca:0c:37:8e:5a:53:86:41:14:f7:a0:be",
                            "id": "sqlsvrDockerEC2_key_pair",
                            "key_name": "sqlsvrDockerEC2_key_pair",
                            "public_key": "ssh-rsa AAAAB3NzaC1yc2EAAAADAQABAAABAQDMQUSBu7bbQucVe1yfR58w4gvzMHDfYlUFLJL95FbyYOZK8sFk5FOBbXEIWkkkhVilYviH7T/h0aP1M+pNoI183afzMpl41wljApYbr9ud78MbOD04vBMyOFrlur4LOJEuAi1cCswOFA0JoCpFDzRQFajOPKVjnVlWvBxeG+uJbEj/tG5t2bQg65bcrZpEtkVzJ3hsWDy0p3UgIoJmDhyl3hBtFzc+28RiD9Fvo1HDWgM2fc8ISJ2kQ/5YeVop46iBmQFRDIkvotFMjn0qdFq+/roIHIJxP+AuzusSlke+LQJ15kUJgxzLX9yZhduQ0a4n77IWa7AgFNwNMSX/p1DJ howarddeiner@ubuntu"
                        },
                        "meta": {
                            "schema_version": "1"
                        },
                        "tainted": false
                    },
                    "deposed": [],
                    "provider": "provider.aws"
                },
                "aws_security_group.sqlsvrDockerEC2_sqlsvr": {
                    "type": "aws_security_group",
                    "depends_on": [],
                    "primary": {
                        "id": "sg-0369946d69065f336",
                        "attributes": {
                            "arn": "arn:aws:ec2:us-east-1:178844964995:security-group/sg-0369946d69065f336",
                            "description": "sqlsvrDockerEC2 - SSH and SQL Server Access",
                            "egress.#": "1",
                            "egress.482069346.cidr_blocks.#": "1",
                            "egress.482069346.cidr_blocks.0": "0.0.0.0/0",
                            "egress.482069346.description": "",
                            "egress.482069346.from_port": "0",
                            "egress.482069346.ipv6_cidr_blocks.#": "0",
                            "egress.482069346.prefix_list_ids.#": "0",
                            "egress.482069346.protocol": "-1",
                            "egress.482069346.security_groups.#": "0",
                            "egress.482069346.self": "false",
                            "egress.482069346.to_port": "0",
                            "id": "sg-0369946d69065f336",
                            "ingress.#": "2",
                            "ingress.1593516594.cidr_blocks.#": "1",
                            "ingress.1593516594.cidr_blocks.0": "0.0.0.0/0",
                            "ingress.1593516594.description": "",
                            "ingress.1593516594.from_port": "1433",
                            "ingress.1593516594.ipv6_cidr_blocks.#": "0",
                            "ingress.1593516594.protocol": "tcp",
                            "ingress.1593516594.security_groups.#": "0",
                            "ingress.1593516594.self": "false",
                            "ingress.1593516594.to_port": "1433",
                            "ingress.2541437006.cidr_blocks.#": "1",
                            "ingress.2541437006.cidr_blocks.0": "0.0.0.0/0",
                            "ingress.2541437006.description": "",
                            "ingress.2541437006.from_port": "22",
                            "ingress.2541437006.ipv6_cidr_blocks.#": "0",
                            "ingress.2541437006.protocol": "tcp",
                            "ingress.2541437006.security_groups.#": "0",
                            "ingress.2541437006.self": "false",
                            "ingress.2541437006.to_port": "22",
                            "name": "sqlsvrDockerEC2_sqlsvr",
                            "owner_id": "178844964995",
                            "revoke_rules_on_delete": "false",
                            "tags.%": "1",
                            "tags.Name": "sqlsvrDockerEC2 SqlSvr",
                            "vpc_id": "vpc-ca8295ad"
                        },
                        "meta": {
                            "e2bfb730-ecaa-11e6-8f88-34363bc7c4c0": {
                                "create": 600000000000,
                                "delete": 600000000000
                            },
                            "schema_version": "1"
                        },
                        "tainted": false
                    },
                    "deposed": [],
                    "provider": "provider.aws"
                }
            },
            "depends_on": []
        }
    ]
}
